
Microsoft Visual Studio Solution File, Format Version 12.00
# Visual Studio Version 17
VisualStudioVersion = 17.4.33213.308
MinimumVisualStudioVersion = 10.0.40219.1
Project("{FAE04EC0-301F-11D3-BF4B-00C04F79EFBC}") = "mastersheet", "mastersheet\mastersheet.csproj", "{08196BD7-8926-4028-BC12-AB5D1D6E84ED}"
EndProject
Global
	GlobalSection(SolutionConfigurationPlatforms) = preSolution
		Debug|Any CPU = Debug|Any CPU
		Release|Any CPU = Release|Any CPU
	EndGlobalSection
	GlobalSection(ProjectConfigurationPlatforms) = postSolution
		{08196BD7-8926-4028-BC12-AB5D1D6E84ED}.Debug|Any CPU.ActiveCfg = Debug|Any CPU
		{08196BD7-8926-4028-BC12-AB5D1D6E84ED}.Debug|Any CPU.Build.0 = Debug|Any CPU
		{08196BD7-8926-4028-BC12-AB5D1D6E84ED}.Release|Any CPU.ActiveCfg = Release|Any CPU
		{08196BD7-8926-4028-BC12-AB5D1D6E84ED}.Release|Any CPU.Build.0 = Release|Any CPU
	EndGlobalSection
	GlobalSection(SolutionProperties) = preSolution
		HideSolutionNode = FALSE
	EndGlobalSection
	GlobalSection(ExtensibilityGlobals) = postSolution
		SolutionGuid = {84BD62A6-6C4C-4767-BC40-B3A9F785773B}
	EndGlobalSection
EndGlobal
